{
    "version": 3,
    "terraform_version": "0.11.13",
    "serial": 10,
    "lineage": "7d8cebab-c139-0836-cf67-304a15b59a79",
    "modules": [
        {
            "path": [
                "root"
            ],
            "outputs": {},
            "resources": {
                "data.aws_iam_policy_document.bucket_policy": {
                    "type": "aws_iam_policy_document",
                    "depends_on": [],
                    "primary": {
                        "id": "1215120730",
                        "attributes": {
                            "id": "1215120730",
                            "json": "{\n  \"Version\": \"2012-10-17\",\n  \"Statement\": [\n    {\n      \"Sid\": \"AllowFullS3Access\",\n      \"Effect\": \"Allow\",\n      \"Action\": \"s3:ListBuckets\",\n      \"Resource\": \"*\"\n    }\n  ]\n}",
                            "statement.#": "1",
                            "statement.0.actions.#": "1",
                            "statement.0.actions.3687948994": "s3:ListBuckets",
                            "statement.0.condition.#": "0",
                            "statement.0.effect": "Allow",
                            "statement.0.not_actions.#": "0",
                            "statement.0.not_principals.#": "0",
                            "statement.0.not_resources.#": "0",
                            "statement.0.principals.#": "0",
                            "statement.0.resources.#": "1",
                            "statement.0.resources.2679715827": "*",
                            "statement.0.sid": "AllowFullS3Access",
                            "version": "2012-10-17"
                        },
                        "meta": {},
                        "tainted": false
                    },
                    "deposed": [],
                    "provider": "provider.aws"
                }
            },
            "depends_on": []
        },
        {
            "path": [
                "root",
                "iam_policies"
            ],
            "outputs": {},
            "resources": {},
            "depends_on": []
        },
        {
            "path": [
                "root",
                "vpc"
            ],
            "outputs": {
                "private_subnet_ids": {
                    "sensitive": false,
                    "type": "list",
                    "value": [
                        "subnet-0999e78e62c0c0d0c"
                    ]
                },
                "public_subnet_ids": {
                    "sensitive": false,
                    "type": "list",
                    "value": [
                        "subnet-083d7f54ac388a190",
                        "subnet-0402b0c11362b0583"
                    ]
                },
                "vpc_id": {
                    "sensitive": false,
                    "type": "string",
                    "value": "vpc-002092ff48df77b82"
                },
                "vpc_security_group_ids": {
                    "sensitive": false,
                    "type": "string",
                    "value": "sg-026d3db68369c3b9e"
                }
            },
            "resources": {
                "aws_default_security_group.AI_SGW": {
                    "type": "aws_default_security_group",
                    "depends_on": [
                        "aws_vpc.main"
                    ],
                    "primary": {
                        "id": "sg-026d3db68369c3b9e",
                        "attributes": {
                            "arn": "arn:aws:ec2:us-east-1:930418207212:security-group/sg-026d3db68369c3b9e",
                            "egress.#": "1",
                            "egress.482069346.cidr_blocks.#": "1",
                            "egress.482069346.cidr_blocks.0": "0.0.0.0/0",
                            "egress.482069346.description": "",
                            "egress.482069346.from_port": "0",
                            "egress.482069346.ipv6_cidr_blocks.#": "0",
                            "egress.482069346.prefix_list_ids.#": "0",
                            "egress.482069346.protocol": "-1",
                            "egress.482069346.security_groups.#": "0",
                            "egress.482069346.self": "false",
                            "egress.482069346.to_port": "0",
                            "id": "sg-026d3db68369c3b9e",
                            "ingress.#": "1",
                            "ingress.2541437006.cidr_blocks.#": "1",
                            "ingress.2541437006.cidr_blocks.0": "0.0.0.0/0",
                            "ingress.2541437006.description": "",
                            "ingress.2541437006.from_port": "22",
                            "ingress.2541437006.ipv6_cidr_blocks.#": "0",
                            "ingress.2541437006.prefix_list_ids.#": "0",
                            "ingress.2541437006.protocol": "tcp",
                            "ingress.2541437006.security_groups.#": "0",
                            "ingress.2541437006.self": "false",
                            "ingress.2541437006.to_port": "22",
                            "name": "default",
                            "owner_id": "930418207212",
                            "revoke_rules_on_delete": "false",
                            "tags.%": "1",
                            "tags.Name": "AssetsDetection-dev-pub-sub0",
                            "vpc_id": "vpc-002092ff48df77b82"
                        },
                        "meta": {
                            "e2bfb730-ecaa-11e6-8f88-34363bc7c4c0": {
                                "create": 600000000000,
                                "delete": 600000000000
                            },
                            "schema_version": "1"
                        },
                        "tainted": false
                    },
                    "deposed": [],
                    "provider": "provider.aws"
                },
                "aws_internet_gateway.igw": {
                    "type": "aws_internet_gateway",
                    "depends_on": [
                        "aws_vpc.main"
                    ],
                    "primary": {
                        "id": "igw-0e62a954d0e5201ed",
                        "attributes": {
                            "id": "igw-0e62a954d0e5201ed",
                            "owner_id": "930418207212",
                            "tags.%": "1",
                            "tags.Name": "AssetsDetection-dev-igw",
                            "vpc_id": "vpc-002092ff48df77b82"
                        },
                        "meta": {},
                        "tainted": false
                    },
                    "deposed": [],
                    "provider": "provider.aws"
                },
                "aws_route_table.public_route_table": {
                    "type": "aws_route_table",
                    "depends_on": [
                        "aws_internet_gateway.igw",
                        "aws_vpc.main"
                    ],
                    "primary": {
                        "id": "rtb-00fd5ad8e7e5b297f",
                        "attributes": {
                            "id": "rtb-00fd5ad8e7e5b297f",
                            "owner_id": "930418207212",
                            "propagating_vgws.#": "0",
                            "route.#": "1",
                            "route.2153428155.cidr_block": "0.0.0.0/0",
                            "route.2153428155.egress_only_gateway_id": "",
                            "route.2153428155.gateway_id": "igw-0e62a954d0e5201ed",
                            "route.2153428155.instance_id": "",
                            "route.2153428155.ipv6_cidr_block": "",
                            "route.2153428155.nat_gateway_id": "",
                            "route.2153428155.network_interface_id": "",
                            "route.2153428155.transit_gateway_id": "",
                            "route.2153428155.vpc_peering_connection_id": "",
                            "tags.%": "1",
                            "tags.Name": "AssetsDetection-dev-pub-rt",
                            "vpc_id": "vpc-002092ff48df77b82"
                        },
                        "meta": {},
                        "tainted": false
                    },
                    "deposed": [],
                    "provider": "provider.aws"
                },
                "aws_route_table_association.route_association.0": {
                    "type": "aws_route_table_association",
                    "depends_on": [
                        "aws_route_table.public_route_table",
                        "aws_subnet.public_subnet.*"
                    ],
                    "primary": {
                        "id": "rtbassoc-07c98798b425c984a",
                        "attributes": {
                            "id": "rtbassoc-07c98798b425c984a",
                            "route_table_id": "rtb-00fd5ad8e7e5b297f",
                            "subnet_id": "subnet-083d7f54ac388a190"
                        },
                        "meta": {},
                        "tainted": false
                    },
                    "deposed": [],
                    "provider": "provider.aws"
                },
                "aws_route_table_association.route_association.1": {
                    "type": "aws_route_table_association",
                    "depends_on": [
                        "aws_route_table.public_route_table",
                        "aws_subnet.public_subnet.*"
                    ],
                    "primary": {
                        "id": "rtbassoc-03d793df06873ae05",
                        "attributes": {
                            "id": "rtbassoc-03d793df06873ae05",
                            "route_table_id": "rtb-00fd5ad8e7e5b297f",
                            "subnet_id": "subnet-0402b0c11362b0583"
                        },
                        "meta": {},
                        "tainted": false
                    },
                    "deposed": [],
                    "provider": "provider.aws"
                },
                "aws_subnet.private_subnet": {
                    "type": "aws_subnet",
                    "depends_on": [
                        "aws_vpc.main"
                    ],
                    "primary": {
                        "id": "subnet-0999e78e62c0c0d0c",
                        "attributes": {
                            "arn": "arn:aws:ec2:us-east-1:930418207212:subnet/subnet-0999e78e62c0c0d0c",
                            "assign_ipv6_address_on_creation": "false",
                            "availability_zone": "us-east-1a",
                            "availability_zone_id": "use1-az1",
                            "cidr_block": "190.160.3.0/24",
                            "id": "subnet-0999e78e62c0c0d0c",
                            "ipv6_cidr_block": "",
                            "ipv6_cidr_block_association_id": "",
                            "map_public_ip_on_launch": "false",
                            "owner_id": "930418207212",
                            "tags.%": "1",
                            "tags.Name": "AssetsDetection-dev-pri-sub0",
                            "vpc_id": "vpc-002092ff48df77b82"
                        },
                        "meta": {
                            "e2bfb730-ecaa-11e6-8f88-34363bc7c4c0": {
                                "create": 600000000000,
                                "delete": 600000000000
                            },
                            "schema_version": "1"
                        },
                        "tainted": false
                    },
                    "deposed": [],
                    "provider": "provider.aws"
                },
                "aws_subnet.public_subnet.0": {
                    "type": "aws_subnet",
                    "depends_on": [
                        "aws_vpc.main"
                    ],
                    "primary": {
                        "id": "subnet-083d7f54ac388a190",
                        "attributes": {
                            "arn": "arn:aws:ec2:us-east-1:930418207212:subnet/subnet-083d7f54ac388a190",
                            "assign_ipv6_address_on_creation": "false",
                            "availability_zone": "us-east-1a",
                            "availability_zone_id": "use1-az1",
                            "cidr_block": "190.160.1.0/24",
                            "id": "subnet-083d7f54ac388a190",
                            "ipv6_cidr_block": "",
                            "ipv6_cidr_block_association_id": "",
                            "map_public_ip_on_launch": "false",
                            "owner_id": "930418207212",
                            "tags.%": "1",
                            "tags.Name": "AssetsDetection-dev-pub-sub0",
                            "vpc_id": "vpc-002092ff48df77b82"
                        },
                        "meta": {
                            "e2bfb730-ecaa-11e6-8f88-34363bc7c4c0": {
                                "create": 600000000000,
                                "delete": 600000000000
                            },
                            "schema_version": "1"
                        },
                        "tainted": false
                    },
                    "deposed": [],
                    "provider": "provider.aws"
                },
                "aws_subnet.public_subnet.1": {
                    "type": "aws_subnet",
                    "depends_on": [
                        "aws_vpc.main"
                    ],
                    "primary": {
                        "id": "subnet-0402b0c11362b0583",
                        "attributes": {
                            "arn": "arn:aws:ec2:us-east-1:930418207212:subnet/subnet-0402b0c11362b0583",
                            "assign_ipv6_address_on_creation": "false",
                            "availability_zone": "us-east-1b",
                            "availability_zone_id": "use1-az2",
                            "cidr_block": "190.160.2.0/24",
                            "id": "subnet-0402b0c11362b0583",
                            "ipv6_cidr_block": "",
                            "ipv6_cidr_block_association_id": "",
                            "map_public_ip_on_launch": "false",
                            "owner_id": "930418207212",
                            "tags.%": "1",
                            "tags.Name": "AssetsDetection-dev-pub-sub1",
                            "vpc_id": "vpc-002092ff48df77b82"
                        },
                        "meta": {
                            "e2bfb730-ecaa-11e6-8f88-34363bc7c4c0": {
                                "create": 600000000000,
                                "delete": 600000000000
                            },
                            "schema_version": "1"
                        },
                        "tainted": false
                    },
                    "deposed": [],
                    "provider": "provider.aws"
                },
                "aws_vpc.main": {
                    "type": "aws_vpc",
                    "depends_on": [],
                    "primary": {
                        "id": "vpc-002092ff48df77b82",
                        "attributes": {
                            "arn": "arn:aws:ec2:us-east-1:930418207212:vpc/vpc-002092ff48df77b82",
                            "assign_generated_ipv6_cidr_block": "false",
                            "cidr_block": "190.160.0.0/16",
                            "default_network_acl_id": "acl-0b9a5c539dd3f694a",
                            "default_route_table_id": "rtb-0b6361f502b5c8274",
                            "default_security_group_id": "sg-026d3db68369c3b9e",
                            "dhcp_options_id": "dopt-61fd841a",
                            "enable_classiclink": "false",
                            "enable_classiclink_dns_support": "false",
                            "enable_dns_hostnames": "true",
                            "enable_dns_support": "true",
                            "id": "vpc-002092ff48df77b82",
                            "instance_tenancy": "default",
                            "ipv6_association_id": "",
                            "ipv6_cidr_block": "",
                            "main_route_table_id": "rtb-0b6361f502b5c8274",
                            "owner_id": "930418207212",
                            "tags.%": "1",
                            "tags.Name": "AssetsDetection-dev"
                        },
                        "meta": {
                            "schema_version": "1"
                        },
                        "tainted": false
                    },
                    "deposed": [],
                    "provider": "provider.aws"
                }
            },
            "depends_on": []
        }
    ]
}
